
Microsoft Visual Studio Solution File, Format Version 12.00
# Visual Studio Version 17
VisualStudioVersion = 17.4.33403.182
MinimumVisualStudioVersion = 10.0.40219.1
Project("{FAE04EC0-301F-11D3-BF4B-00C04F79EFBC}") = "ESTIGamingAPI", "ESTIGamingAPI.csproj", "{AB206512-AF25-4A21-9E32-83A3E5C48BE1}"
EndProject
Global
	GlobalSection(SolutionConfigurationPlatforms) = preSolution
		Debug|Any CPU = Debug|Any CPU
		Release|Any CPU = Release|Any CPU
	EndGlobalSection
	GlobalSection(ProjectConfigurationPlatforms) = postSolution
		{AB206512-AF25-4A21-9E32-83A3E5C48BE1}.Debug|Any CPU.ActiveCfg = Debug|Any CPU
		{AB206512-AF25-4A21-9E32-83A3E5C48BE1}.Debug|Any CPU.Build.0 = Debug|Any CPU
		{AB206512-AF25-4A21-9E32-83A3E5C48BE1}.Release|Any CPU.ActiveCfg = Release|Any CPU
		{AB206512-AF25-4A21-9E32-83A3E5C48BE1}.Release|Any CPU.Build.0 = Release|Any CPU
	EndGlobalSection
	GlobalSection(SolutionProperties) = preSolution
		HideSolutionNode = FALSE
	EndGlobalSection
	GlobalSection(ExtensibilityGlobals) = postSolution
		SolutionGuid = {E36598C0-DC89-4F90-9492-483344B93EAA}
	EndGlobalSection
EndGlobal
